
Microsoft Visual Studio Solution File, Format Version 12.00
# Visual Studio Version 16
VisualStudioVersion = 16.0.31624.102
MinimumVisualStudioVersion = 10.0.40219.1
Project("{9A19103F-16F7-4668-BE54-9A1E7A4F7556}") = "WebApplication1", "WebApplication1\WebApplication1.csproj", "{659BD52B-38F2-4335-BC9E-D79FC3A7BBF9}"
EndProject
Project("{9A19103F-16F7-4668-BE54-9A1E7A4F7556}") = "Obligatorio", "..\Obligatorio\Obligatorio\Obligatorio.csproj", "{DE923586-7448-4237-9869-C89A23FF5D0E}"
EndProject
Global
	GlobalSection(SolutionConfigurationPlatforms) = preSolution
		Debug|Any CPU = Debug|Any CPU
		Release|Any CPU = Release|Any CPU
	EndGlobalSection
	GlobalSection(ProjectConfigurationPlatforms) = postSolution
		{659BD52B-38F2-4335-BC9E-D79FC3A7BBF9}.Debug|Any CPU.ActiveCfg = Debug|Any CPU
		{659BD52B-38F2-4335-BC9E-D79FC3A7BBF9}.Debug|Any CPU.Build.0 = Debug|Any CPU
		{659BD52B-38F2-4335-BC9E-D79FC3A7BBF9}.Release|Any CPU.ActiveCfg = Release|Any CPU
		{659BD52B-38F2-4335-BC9E-D79FC3A7BBF9}.Release|Any CPU.Build.0 = Release|Any CPU
		{DE923586-7448-4237-9869-C89A23FF5D0E}.Debug|Any CPU.ActiveCfg = Debug|Any CPU
		{DE923586-7448-4237-9869-C89A23FF5D0E}.Debug|Any CPU.Build.0 = Debug|Any CPU
		{DE923586-7448-4237-9869-C89A23FF5D0E}.Release|Any CPU.ActiveCfg = Release|Any CPU
		{DE923586-7448-4237-9869-C89A23FF5D0E}.Release|Any CPU.Build.0 = Release|Any CPU
	EndGlobalSection
	GlobalSection(SolutionProperties) = preSolution
		HideSolutionNode = FALSE
	EndGlobalSection
	GlobalSection(ExtensibilityGlobals) = postSolution
		SolutionGuid = {50F1D865-62D7-48D7-8971-920A7FA3BADA}
	EndGlobalSection
EndGlobal
